{
  "version": 4,
  "terraform_version": "1.7.5",
  "serial": 3,
  "lineage": "8e64948d-86b5-3a47-10fb-7cc548c4db34",
  "outputs": {},
  "resources": [
    {
      "mode": "data",
      "type": "archive_file",
      "name": "iso_image",
      "provider": "provider[\"registry.terraform.io/hashicorp/archive\"]",
      "instances": [
        {
          "schema_version": 0,
          "attributes": {
            "exclude_symlink_directories": null,
            "excludes": null,
            "id": "302148c7b75c1e2da8576e82c2489c3cc3532ead",
            "output_base64sha256": "ngigb0BfOX0GHj0HiLgqixR1artL5O4qxiZsexA0DXA=",
            "output_base64sha512": "mVS3oxM3WaTp75GecxTZ/rfplko6SrgWvfYuPfypAFrIHaBo0KwOirSho4eSAoMBPpsZCtNhwJEFmiJO//cygw==",
            "output_file_mode": null,
            "output_md5": "a320426574af1fe2b4ab81d2136ae06f",
            "output_path": "UBUNTU_20_4.zip",
            "output_sha": "302148c7b75c1e2da8576e82c2489c3cc3532ead",
            "output_sha256": "9e08a06f405f397d061e3d0788b82a8b14756abb4be4ee2ac6266c7b10340d70",
            "output_sha512": "9954b7a3133759a4e9ef919e7314d9feb7e9964a3a4ab816bdf62e3dfca9005ac81da068d0ac0e8ab4a1a387920283013e9b190ad361c091059a224efff73283",
            "output_size": 11552972883,
            "source": [],
            "source_content": null,
            "source_content_filename": null,
            "source_dir": "/Users/vaibhav/Downloads/iso",
            "source_file": null,
            "type": "zip"
          },
          "sensitive_attributes": []
        }
      ]
    },
    {
      "mode": "managed",
      "type": "hyperv_iso_image",
      "name": "iso_image",
      "provider": "provider[\"registry.terraform.io/taliesins/hyperv\"]",
      "instances": []
    },
    {
      "mode": "managed",
      "type": "hyperv_vhd",
      "name": "vm_vhd",
      "provider": "provider[\"registry.terraform.io/taliesins/hyperv\"]",
      "instances": [
        {
          "schema_version": 0,
          "attributes": {
            "block_size": 33554432,
            "exists": true,
            "id": "d:\\VMs\\temp.vhdx",
            "logical_sector_size": 512,
            "parent_path": null,
            "path": "d:\\VMs\\temp.vhdx",
            "physical_sector_size": 4096,
            "size": 10737418240,
            "source": null,
            "source_disk": null,
            "source_vm": null,
            "timeouts": null,
            "vhd_type": "Dynamic"
          },
          "sensitive_attributes": [],
          "private": "eyJlMmJmYjczMC1lY2FhLTExZTYtOGY4OC0zNDM2M2JjN2M0YzAiOnsiY3JlYXRlIjozMDAwMDAwMDAwMDAsImRlbGV0ZSI6NjAwMDAwMDAwMDAsInJlYWQiOjYwMDAwMDAwMDAwLCJ1cGRhdGUiOjMwMDAwMDAwMDAwMH19"
        }
      ]
    }
  ],
  "check_results": null
}
