{
  "version": 4,
  "terraform_version": "1.7.5",
  "serial": 61,
  "lineage": "9f4fa6e0-f2ad-c072-f76a-869889c6c51a",
  "outputs": {},
  "resources": [
    {
      "mode": "managed",
      "type": "hyperv_network_switch",
      "name": "default_external_switch",
      "provider": "provider[\"registry.terraform.io/taliesins/hyperv\"]",
      "instances": [
        {
          "schema_version": 0,
          "attributes": {
            "allow_management_os": true,
            "default_flow_minimum_bandwidth_absolute": 0,
            "default_flow_minimum_bandwidth_weight": 0,
            "default_queue_vmmq_enabled": false,
            "default_queue_vmmq_queue_pairs": 16,
            "default_queue_vrss_enabled": false,
            "enable_embedded_teaming": false,
            "enable_iov": true,
            "enable_packet_direct": false,
            "id": "des",
            "minimum_bandwidth_mode": "None",
            "name": "des",
            "net_adapter_names": [
              "Ethernet"
            ],
            "notes": "",
            "switch_type": "External",
            "timeouts": null
          },
          "sensitive_attributes": [],
          "private": "eyJlMmJmYjczMC1lY2FhLTExZTYtOGY4OC0zNDM2M2JjN2M0YzAiOnsiY3JlYXRlIjozMDAwMDAwMDAwMDAsImRlbGV0ZSI6NjAwMDAwMDAwMDAsInJlYWQiOjYwMDAwMDAwMDAwLCJ1cGRhdGUiOjMwMDAwMDAwMDAwMH19"
        }
      ]
    }
  ],
  "check_results": null
}
