{
  "version": 4,
  "terraform_version": "1.8.3",
  "serial": 23,
  "lineage": "9f4fa6e0-f2ad-c072-f76a-869889c6c51a",
  "outputs": {},
  "resources": [
    {
      "mode": "managed",
      "type": "hyperv_machine_instance",
      "name": "default",
      "provider": "provider[\"registry.terraform.io/taliesins/hyperv\"]",
      "instances": [
        {
          "schema_version": 0,
          "attributes": {
            "automatic_critical_error_action": "Pause",
            "automatic_critical_error_action_timeout": 30,
            "automatic_start_action": "Start",
            "automatic_start_delay": 0,
            "automatic_stop_action": "ShutDown",
            "checkpoint_type": "Disabled",
            "dvd_drives": [],
            "dynamic_memory": false,
            "generation": 2,
            "guest_controlled_cache_types": false,
            "hard_disk_drives": [
              {
                "controller_location": 0,
                "controller_number": 0,
                "controller_type": "Scsi",
                "disk_number": 4294967295,
                "maximum_iops": 0,
                "minimum_iops": 0,
                "override_cache_attributes": "Default",
                "path": "d:\\VMs\\temp1.vhdx",
                "qos_policy_id": "00000000-0000-0000-0000-000000000000",
                "resource_pool_name": "Primordial",
                "support_persistent_reservations": false
              }
            ],
            "high_memory_mapped_io_space": 536870912,
            "id": "temp_vm",
            "integration_services": {
              "Guest Service Interface": false,
              "Heartbeat": true,
              "Key-Value Pair Exchange": true,
              "Shutdown": true,
              "Time Synchronization": true,
              "VSS": true
            },
            "lock_on_disconnect": "Off",
            "low_memory_mapped_io_space": 134217728,
            "memory_maximum_bytes": 1099511627776,
            "memory_minimum_bytes": 536870912,
            "memory_startup_bytes": 4294967296,
            "name": "temp_vm",
            "network_adaptors": [],
            "notes": "",
            "path": "C:\\ProgramData\\Microsoft\\Windows\\Hyper-V",
            "processor_count": 1,
            "smart_paging_file_path": "C:\\ProgramData\\Microsoft\\Windows\\Hyper-V",
            "snapshot_file_location": "C:\\ProgramData\\Microsoft\\Windows\\Hyper-V",
            "state": "Running",
            "static_memory": true,
            "timeouts": null,
            "vm_firmware": [
              {
                "boot_order": [
                  {
                    "boot_type": "HardDiskDrive",
                    "controller_location": 0,
                    "controller_number": 0,
                    "mac_address": "",
                    "network_adapter_name": "",
                    "path": "d:\\VMs\\temp1.vhdx",
                    "switch_name": ""
                  }
                ],
                "console_mode": "None",
                "enable_secure_boot": "Off",
                "pause_after_boot_failure": "Off",
                "preferred_network_boot_protocol": "IPv4",
                "secure_boot_template": "MicrosoftWindows"
              }
            ],
            "vm_processor": [
              {
                "compatibility_for_migration_enabled": false,
                "compatibility_for_older_operating_systems_enabled": false,
                "enable_host_resource_protection": false,
                "expose_virtualization_extensions": false,
                "hw_thread_count_per_core": 1,
                "maximum": 40,
                "maximum_count_per_numa_node": 16,
                "maximum_count_per_numa_socket": 1,
                "relative_weight": 100,
                "reserve": 0
              }
            ],
            "wait_for_ips_poll_period": 5,
            "wait_for_ips_timeout": 300,
            "wait_for_state_poll_period": 2,
            "wait_for_state_timeout": 120
          },
          "sensitive_attributes": [],
          "private": "eyJlMmJmYjczMC1lY2FhLTExZTYtOGY4OC0zNDM2M2JjN2M0YzAiOnsiY3JlYXRlIjoxODAwMDAwMDAwMDAwLCJkZWxldGUiOjMwMDAwMDAwMDAwMCwicmVhZCI6MTIwMDAwMDAwMDAwLCJ1cGRhdGUiOjE4MDAwMDAwMDAwMDB9fQ==",
          "dependencies": [
            "hyperv_vhd.vm_vhd"
          ]
        }
      ]
    },
    {
      "mode": "managed",
      "type": "hyperv_vhd",
      "name": "vm_vhd",
      "provider": "provider[\"registry.terraform.io/taliesins/hyperv\"]",
      "instances": [
        {
          "schema_version": 0,
          "attributes": {
            "block_size": 0,
            "exists": true,
            "id": "d:\\VMs\\temp1.vhdx",
            "logical_sector_size": 512,
            "parent_path": null,
            "path": "d:\\VMs\\temp1.vhdx",
            "physical_sector_size": 4096,
            "size": 32212254720,
            "source": "",
            "source_disk": null,
            "source_vm": "github-actions",
            "timeouts": null,
            "vhd_type": "Fixed"
          },
          "sensitive_attributes": [],
          "private": "eyJlMmJmYjczMC1lY2FhLTExZTYtOGY4OC0zNDM2M2JjN2M0YzAiOnsiY3JlYXRlIjozMDAwMDAwMDAwMDAsImRlbGV0ZSI6NjAwMDAwMDAwMDAsInJlYWQiOjYwMDAwMDAwMDAwLCJ1cGRhdGUiOjMwMDAwMDAwMDAwMH19"
        }
      ]
    }
  ],
  "check_results": null
}
