{
  "version": 4,
  "terraform_version": "1.8.3",
  "serial": 6,
  "lineage": "9f4fa6e0-f2ad-c072-f76a-869889c6c51a",
  "outputs": {},
  "resources": [
    {
      "mode": "managed",
      "type": "hyperv_vhd",
      "name": "server_vhd",
      "provider": "provider[\"registry.terraform.io/taliesins/hyperv\"]",
      "instances": [
        {
          "schema_version": 0,
          "attributes": {
            "block_size": 33554432,
            "exists": true,
            "id": "d:\\VMs\\temp1.vhdx",
            "logical_sector_size": 512,
            "parent_path": null,
            "path": "d:\\VMs\\temp1.vhdx",
            "physical_sector_size": 4096,
            "size": 10737418240,
            "source": null,
            "source_disk": null,
            "source_vm": null,
            "timeouts": null,
            "vhd_type": "Dynamic"
          },
          "sensitive_attributes": [],
          "private": "eyJlMmJmYjczMC1lY2FhLTExZTYtOGY4OC0zNDM2M2JjN2M0YzAiOnsiY3JlYXRlIjozMDAwMDAwMDAwMDAsImRlbGV0ZSI6NjAwMDAwMDAwMDAsInJlYWQiOjYwMDAwMDAwMDAwLCJ1cGRhdGUiOjMwMDAwMDAwMDAwMH19"
        }
      ]
    }
  ],
  "check_results": null
}
